
Microsoft Visual Studio Solution File, Format Version 12.00
# Visual Studio Version 17
VisualStudioVersion = 17.5.33424.131
MinimumVisualStudioVersion = 10.0.40219.1
Project("{8BC9CEB8-8B4A-11D0-8D11-00A0C91BC942}") = "PackagesLib", "PackagesLib.vcxproj", "{8EE2D4C7-B48A-47D7-92B4-A28A16780540}"
EndProject
Project("{8BC9CEB8-8B4A-11D0-8D11-00A0C91BC942}") = "PackagesApp", "..\PackagesApp\PackagesApp.vcxproj", "{F90508D7-BFF7-4606-B9FF-A5B788D30672}"
EndProject
Project("{8BC9CEB8-8B4A-11D0-8D11-00A0C91BC942}") = "PackagesTest", "..\PackagesTest\PackagesTest.vcxproj", "{D12C3583-1FAF-4720-945C-0CB829108254}"
EndProject
Global
	GlobalSection(SolutionConfigurationPlatforms) = preSolution
		Debug|x64 = Debug|x64
		Debug|x86 = Debug|x86
		Release|x64 = Release|x64
		Release|x86 = Release|x86
	EndGlobalSection
	GlobalSection(ProjectConfigurationPlatforms) = postSolution
		{8EE2D4C7-B48A-47D7-92B4-A28A16780540}.Debug|x64.ActiveCfg = Debug|x64
		{8EE2D4C7-B48A-47D7-92B4-A28A16780540}.Debug|x64.Build.0 = Debug|x64
		{8EE2D4C7-B48A-47D7-92B4-A28A16780540}.Debug|x86.ActiveCfg = Debug|Win32
		{8EE2D4C7-B48A-47D7-92B4-A28A16780540}.Debug|x86.Build.0 = Debug|Win32
		{8EE2D4C7-B48A-47D7-92B4-A28A16780540}.Release|x64.ActiveCfg = Release|x64
		{8EE2D4C7-B48A-47D7-92B4-A28A16780540}.Release|x64.Build.0 = Release|x64
		{8EE2D4C7-B48A-47D7-92B4-A28A16780540}.Release|x86.ActiveCfg = Release|Win32
		{8EE2D4C7-B48A-47D7-92B4-A28A16780540}.Release|x86.Build.0 = Release|Win32
		{F90508D7-BFF7-4606-B9FF-A5B788D30672}.Debug|x64.ActiveCfg = Debug|x64
		{F90508D7-BFF7-4606-B9FF-A5B788D30672}.Debug|x64.Build.0 = Debug|x64
		{F90508D7-BFF7-4606-B9FF-A5B788D30672}.Debug|x86.ActiveCfg = Debug|Win32
		{F90508D7-BFF7-4606-B9FF-A5B788D30672}.Debug|x86.Build.0 = Debug|Win32
		{F90508D7-BFF7-4606-B9FF-A5B788D30672}.Release|x64.ActiveCfg = Release|x64
		{F90508D7-BFF7-4606-B9FF-A5B788D30672}.Release|x64.Build.0 = Release|x64
		{F90508D7-BFF7-4606-B9FF-A5B788D30672}.Release|x86.ActiveCfg = Release|Win32
		{F90508D7-BFF7-4606-B9FF-A5B788D30672}.Release|x86.Build.0 = Release|Win32
		{D12C3583-1FAF-4720-945C-0CB829108254}.Debug|x64.ActiveCfg = Debug|x64
		{D12C3583-1FAF-4720-945C-0CB829108254}.Debug|x64.Build.0 = Debug|x64
		{D12C3583-1FAF-4720-945C-0CB829108254}.Debug|x86.ActiveCfg = Debug|Win32
		{D12C3583-1FAF-4720-945C-0CB829108254}.Debug|x86.Build.0 = Debug|Win32
		{D12C3583-1FAF-4720-945C-0CB829108254}.Release|x64.ActiveCfg = Release|x64
		{D12C3583-1FAF-4720-945C-0CB829108254}.Release|x64.Build.0 = Release|x64
		{D12C3583-1FAF-4720-945C-0CB829108254}.Release|x86.ActiveCfg = Release|Win32
		{D12C3583-1FAF-4720-945C-0CB829108254}.Release|x86.Build.0 = Release|Win32
	EndGlobalSection
	GlobalSection(SolutionProperties) = preSolution
		HideSolutionNode = FALSE
	EndGlobalSection
	GlobalSection(ExtensibilityGlobals) = postSolution
		SolutionGuid = {91C2DD99-668E-4878-8FD4-154755876E5E}
	EndGlobalSection
EndGlobal
