
Microsoft Visual Studio Solution File, Format Version 12.00
# Visual Studio Version 17
VisualStudioVersion = 17.5.33424.131
MinimumVisualStudioVersion = 10.0.40219.1
Project("{8BC9CEB8-8B4A-11D0-8D11-00A0C91BC942}") = "StorageUnitLib", "StorageUnitLib.vcxproj", "{D778951E-5FAF-4AF4-B2AE-DF12CAA2B3F1}"
EndProject
Project("{8BC9CEB8-8B4A-11D0-8D11-00A0C91BC942}") = "StorageUnitTest", "..\StorageUnitTest\StorageUnitTest.vcxproj", "{1C26943E-45FF-4DF7-BC08-C1DAAF33A9D4}"
EndProject
Project("{8BC9CEB8-8B4A-11D0-8D11-00A0C91BC942}") = "PackagesLib", "..\PackagesLib\PackagesLib.vcxproj", "{8EE2D4C7-B48A-47D7-92B4-A28A16780540}"
EndProject
Project("{8BC9CEB8-8B4A-11D0-8D11-00A0C91BC942}") = "LogisticsLib", "..\LogisticsLib\LogisticsLib.vcxproj", "{82F43B88-226C-40EB-A1B2-69029CC8AC72}"
EndProject
Project("{8BC9CEB8-8B4A-11D0-8D11-00A0C91BC942}") = "PackagesTest", "..\PackagesTest\PackagesTest.vcxproj", "{D12C3583-1FAF-4720-945C-0CB829108254}"
EndProject
Global
	GlobalSection(SolutionConfigurationPlatforms) = preSolution
		Debug|x64 = Debug|x64
		Debug|x86 = Debug|x86
		Release|x64 = Release|x64
		Release|x86 = Release|x86
	EndGlobalSection
	GlobalSection(ProjectConfigurationPlatforms) = postSolution
		{D778951E-5FAF-4AF4-B2AE-DF12CAA2B3F1}.Debug|x64.ActiveCfg = Debug|x64
		{D778951E-5FAF-4AF4-B2AE-DF12CAA2B3F1}.Debug|x64.Build.0 = Debug|x64
		{D778951E-5FAF-4AF4-B2AE-DF12CAA2B3F1}.Debug|x86.ActiveCfg = Debug|Win32
		{D778951E-5FAF-4AF4-B2AE-DF12CAA2B3F1}.Debug|x86.Build.0 = Debug|Win32
		{D778951E-5FAF-4AF4-B2AE-DF12CAA2B3F1}.Release|x64.ActiveCfg = Release|x64
		{D778951E-5FAF-4AF4-B2AE-DF12CAA2B3F1}.Release|x64.Build.0 = Release|x64
		{D778951E-5FAF-4AF4-B2AE-DF12CAA2B3F1}.Release|x86.ActiveCfg = Release|Win32
		{D778951E-5FAF-4AF4-B2AE-DF12CAA2B3F1}.Release|x86.Build.0 = Release|Win32
		{1C26943E-45FF-4DF7-BC08-C1DAAF33A9D4}.Debug|x64.ActiveCfg = Debug|x64
		{1C26943E-45FF-4DF7-BC08-C1DAAF33A9D4}.Debug|x64.Build.0 = Debug|x64
		{1C26943E-45FF-4DF7-BC08-C1DAAF33A9D4}.Debug|x86.ActiveCfg = Debug|Win32
		{1C26943E-45FF-4DF7-BC08-C1DAAF33A9D4}.Debug|x86.Build.0 = Debug|Win32
		{1C26943E-45FF-4DF7-BC08-C1DAAF33A9D4}.Release|x64.ActiveCfg = Release|x64
		{1C26943E-45FF-4DF7-BC08-C1DAAF33A9D4}.Release|x64.Build.0 = Release|x64
		{1C26943E-45FF-4DF7-BC08-C1DAAF33A9D4}.Release|x86.ActiveCfg = Release|Win32
		{1C26943E-45FF-4DF7-BC08-C1DAAF33A9D4}.Release|x86.Build.0 = Release|Win32
		{8EE2D4C7-B48A-47D7-92B4-A28A16780540}.Debug|x64.ActiveCfg = Debug|x64
		{8EE2D4C7-B48A-47D7-92B4-A28A16780540}.Debug|x64.Build.0 = Debug|x64
		{8EE2D4C7-B48A-47D7-92B4-A28A16780540}.Debug|x86.ActiveCfg = Debug|Win32
		{8EE2D4C7-B48A-47D7-92B4-A28A16780540}.Debug|x86.Build.0 = Debug|Win32
		{8EE2D4C7-B48A-47D7-92B4-A28A16780540}.Release|x64.ActiveCfg = Release|x64
		{8EE2D4C7-B48A-47D7-92B4-A28A16780540}.Release|x64.Build.0 = Release|x64
		{8EE2D4C7-B48A-47D7-92B4-A28A16780540}.Release|x86.ActiveCfg = Release|Win32
		{8EE2D4C7-B48A-47D7-92B4-A28A16780540}.Release|x86.Build.0 = Release|Win32
		{82F43B88-226C-40EB-A1B2-69029CC8AC72}.Debug|x64.ActiveCfg = Debug|x64
		{82F43B88-226C-40EB-A1B2-69029CC8AC72}.Debug|x64.Build.0 = Debug|x64
		{82F43B88-226C-40EB-A1B2-69029CC8AC72}.Debug|x86.ActiveCfg = Debug|Win32
		{82F43B88-226C-40EB-A1B2-69029CC8AC72}.Debug|x86.Build.0 = Debug|Win32
		{82F43B88-226C-40EB-A1B2-69029CC8AC72}.Release|x64.ActiveCfg = Release|x64
		{82F43B88-226C-40EB-A1B2-69029CC8AC72}.Release|x64.Build.0 = Release|x64
		{82F43B88-226C-40EB-A1B2-69029CC8AC72}.Release|x86.ActiveCfg = Release|Win32
		{82F43B88-226C-40EB-A1B2-69029CC8AC72}.Release|x86.Build.0 = Release|Win32
		{D12C3583-1FAF-4720-945C-0CB829108254}.Debug|x64.ActiveCfg = Debug|x64
		{D12C3583-1FAF-4720-945C-0CB829108254}.Debug|x64.Build.0 = Debug|x64
		{D12C3583-1FAF-4720-945C-0CB829108254}.Debug|x86.ActiveCfg = Debug|Win32
		{D12C3583-1FAF-4720-945C-0CB829108254}.Debug|x86.Build.0 = Debug|Win32
		{D12C3583-1FAF-4720-945C-0CB829108254}.Release|x64.ActiveCfg = Release|x64
		{D12C3583-1FAF-4720-945C-0CB829108254}.Release|x64.Build.0 = Release|x64
		{D12C3583-1FAF-4720-945C-0CB829108254}.Release|x86.ActiveCfg = Release|Win32
		{D12C3583-1FAF-4720-945C-0CB829108254}.Release|x86.Build.0 = Release|Win32
	EndGlobalSection
	GlobalSection(SolutionProperties) = preSolution
		HideSolutionNode = FALSE
	EndGlobalSection
	GlobalSection(ExtensibilityGlobals) = postSolution
		SolutionGuid = {C459FFF7-9AF1-4353-868E-313F677AA174}
	EndGlobalSection
EndGlobal
